<?xml version="1.0" encoding="utf-8"?>
<Project ToolsVersion="4.0" xmlns="http://schemas.microsoft.com/developer/msbuild/2003">
  <ItemGroup>
    <Filter Include="Resource Files">
      <UniqueIdentifier>{67DA6AB6-F800-4c08-8B7A-83BB121AAD01}</UniqueIdentifier>
      <Extensions>rc;ico;cur;bmp;dlg;rc2;rct;bin;rgs;gif;jpg;jpeg;jpe;resx;tiff;tif;png;wav;mfcribbon-ms</Extensions>
    </Filter>
  </ItemGroup>
  <ItemGroup>
    <ClCompile Include="Trainer.cpp" />
    <ClCompile Include="program.cpp" />
    <ClCompile Include="Pokemon.cpp" />
    <ClCompile Include="Field.cpp" />
    <ClCompile Include="Battle.cpp" />
    <ClCompile Include="Team.cpp" />
    <ClCompile Include="Side.cpp" />
  </ItemGroup>
  <ItemGroup>
    <ClInclude Include="Trainer.h" />
    <ClInclude Include="Pokemon.h" />
    <ClInclude Include="Field.h" />
    <ClInclude Include="Battle.h" />
    <ClInclude Include="Team.h" />
    <ClInclude Include="Format.h" />
    <ClInclude Include="Side.h" />
    <ClInclude Include="EffectState.h" />
    <ClInclude Include="MoveSlot.h" />
    <ClInclude Include="Attacker.h" />
    <ClInclude Include="PokemonSet.h" />
    <ClInclude Include="StatsTable.h" />
    <ClInclude Include="SpeciesData.h" />
    <ClInclude Include="Species.h" />
    <ClInclude Include="BasicEffect.h" />
    <ClInclude Include="Nature.h" />
    <ClInclude Include="EffectData.h" />
    <ClInclude Include="Effect.h" />
  </ItemGroup>
</Project>