<?xml version="1.0" encoding="utf-8"?>
<Project ToolsVersion="4.0" xmlns="http://schemas.microsoft.com/developer/msbuild/2003">
  <ItemGroup>
    <Filter Include="Resource Files">
      <UniqueIdentifier>{67DA6AB6-F800-4c08-8B7A-83BB121AAD01}</UniqueIdentifier>
      <Extensions>rc;ico;cur;bmp;dlg;rc2;rct;bin;rgs;gif;jpg;jpeg;jpe;resx;tiff;tif;png;wav;mfcribbon-ms</Extensions>
    </Filter>
  </ItemGroup>
  <ItemGroup>
    <ClCompile Include="program.cpp" />
    <ClCompile Include="battle\Battle.cpp" />
    <ClCompile Include="dex.cpp" />
    <ClCompile Include="global-types\BattleScriptsData.cpp" />
    <ClCompile Include="global-types\ModdedEffectData.cpp" />
    <ClCompile Include="dex-data\to_id.cpp" />
    <ClCompile Include="dex-data\HasID.cpp" />
    <ClCompile Include="dex-data\BasicEffectData.cpp" />
    <ClCompile Include="dex-data\BasicEffect.cpp" />
    <ClCompile Include="dex-data\NatureData.cpp" />
    <ClCompile Include="dex-data\Nature.cpp" />
    <ClCompile Include="dex-data\ModdedNatureData.cpp" />
    <ClCompile Include="dex-data\DexNatures.cpp" />
    <ClCompile Include="dex-data\assign_missing_fields.cpp" />
    <ClCompile Include="dex-abilities\Ability.cpp" />
    <ClCompile Include="dex-items\ItemInitData.cpp" />
    <ClCompile Include="dex-items\Item.cpp" />
    <ClCompile Include="dex-items\DexItems.cpp" />
  </ItemGroup>
  <ItemGroup>
    <ClInclude Include="battle\Battle.h" />
    <ClInclude Include="dex.h" />
    <ClInclude Include="dex\IModdedDex.h" />
    <ClInclude Include="global-types\GenderName.h" />
    <ClInclude Include="global-types\StatIDExceptHP.h" />
    <ClInclude Include="global-types\StatID.h" />
    <ClInclude Include="global-types\BoostID.h" />
    <ClInclude Include="global-types\NonStandard.h" />
    <ClInclude Include="global-types\SinglesTier.h" />
    <ClInclude Include="global-types\DoublesTier.h" />
    <ClInclude Include="global-types\OtherTier.h" />
    <ClInclude Include="global-types\EffectType.h" />
    <ClInclude Include="global-types\GameType.h" />
    <ClInclude Include="global-types\SideID.h" />
    <ClInclude Include="dex-format\FormatEffectType.h" />
    <ClInclude Include="dex-moves\MoveTarget.h" />
    <ClInclude Include="dex-moves\MoveCategory.h" />
    <ClInclude Include="dex-moves\SelfSwitchType.h" />
    <ClInclude Include="dex-moves\SelfDestructType.h" />
    <ClInclude Include="dex\DataType.h" />
    <ClInclude Include="battle\Part.h" />
    <ClInclude Include="battle\Target.h" />
    <ClInclude Include="battle\Source.h" />
    <ClInclude Include="global-types\Effect.h" />
    <ClInclude Include="global-types\function_type_aliases.h" />
    <ClInclude Include="global-types\CommonHandlers.h" />
    <ClInclude Include="global-types\EffectData.h" />
    <ClInclude Include="global-types\ModdedEffectData.h" />
    <ClInclude Include="global-types\ZMoveOption.h" />
    <ClInclude Include="global-types\BattleScriptsData.h" />
    <ClInclude Include="global-types\type_aliases.h" />
    <ClInclude Include="dex-moves\MoveFlags.h" />
    <ClInclude Include="dex-moves\HitEffect.h" />
    <ClInclude Include="dex-conditions\EventMethods.h" />
    <ClInclude Include="dex-conditions\PokemonEventMethods.h" />
    <ClInclude Include="dex-conditions\event_methods_aliases.h" />
    <ClInclude Include="dex-conditions\pokemon_event_methods_aliases.h" />
    <ClInclude Include="dex-conditions\side_event_methods_aliases.h" />
    <ClInclude Include="dex-conditions\SideEventMethods.h" />
    <ClInclude Include="dex-conditions\field_event_methods_aliases.h" />
    <ClInclude Include="dex-conditions\FieldEventMethods.h" />
    <ClInclude Include="dex-conditions\Condition.h" />
    <ClInclude Include="dex-data\to_id.h" />
    <ClInclude Include="dex-data\HasID.h" />
    <ClInclude Include="dex-data\BasicEffectData.h" />
    <ClInclude Include="dex-data\BasicEffect.h" />
    <ClInclude Include="dex-data\NatureData.h" />
    <ClInclude Include="dex-data\Nature.h" />
    <ClInclude Include="dex-data\ModdedNatureData.h" />
    <ClInclude Include="dex-data\DexNatures.h" />
    <ClInclude Include="dex-data\assign_missing_fields.h" />
    <ClInclude Include="dex-data\NatureDataTable.h" />
    <ClInclude Include="dex-data\DexTypes.h" />
    <ClInclude Include="dex-data\DexStats.h" />
    <ClInclude Include="dex-moves\function_type_aliases.h" />
    <ClInclude Include="dex-moves\type_aliases.h" />
    <ClInclude Include="dex-moves\SecondaryEffect.h" />
    <ClInclude Include="dex-moves\MoveEventMethods.h" />
    <ClInclude Include="dex-moves\ZMoveData.h" />
    <ClInclude Include="dex-moves\MaxMoveData.h" />
    <ClInclude Include="dex-moves\SelfBoost.h" />
    <ClInclude Include="dex-moves\MoveData.h" />
    <ClInclude Include="dex-moves\Move.h" />
    <ClInclude Include="dex-moves\DexMoves.h" />
    <ClInclude Include="dex-abilities\AbilityFlags.h" />
    <ClInclude Include="dex-abilities\AbilityData.h" />
    <ClInclude Include="dex-conditions\PokemonConditionData.h" />
    <ClInclude Include="dex-conditions\SideConditionData.h" />
    <ClInclude Include="dex-conditions\FieldConditionData.h" />
    <ClInclude Include="dex-conditions\ConditionData.h" />
    <ClInclude Include="dex-conditions\DexConditions.h" />
    <ClInclude Include="dex-abilities\Ability.h" />
    <ClInclude Include="dex-abilities\DexAbilities.h" />
    <ClInclude Include="dex-format\Format.h" />
    <ClInclude Include="dex-format\DexFormats.h" />
    <ClInclude Include="dex-format\DEFAULT_MOD.h" />
    <ClInclude Include="dex-items\FlingData.h" />
    <ClInclude Include="dex-items\ItemData.h" />
    <ClInclude Include="dex-items\ModdedItemData.h" />
    <ClInclude Include="dex-items\ItemDataTable.h" />
    <ClInclude Include="dex-items\ModdedItemDataTable.h" />
    <ClInclude Include="dex-items\ItemInitData.h" />
    <ClInclude Include="dex-items\Item.h" />
    <ClInclude Include="dex-items\DexItems.h" />
    <ClInclude Include="dex-species\DexSpecies.h" />
    <ClInclude Include="field\Field.h" />
    <ClInclude Include="teams\PokemonSet.h" />
    <ClInclude Include="pokemon\MoveSlot.h" />
    <ClInclude Include="pokemon\EffectState.h" />
    <ClInclude Include="pokemon\Pokemon.h" />
  </ItemGroup>
</Project>