<?xml version="1.0" encoding="utf-8"?>
<Project ToolsVersion="4.0" xmlns="http://schemas.microsoft.com/developer/msbuild/2003">
  <ItemGroup>
    <Filter Include="Resource Files">
      <UniqueIdentifier>{67DA6AB6-F800-4c08-8B7A-83BB121AAD01}</UniqueIdentifier>
      <Extensions>rc;ico;cur;bmp;dlg;rc2;rct;bin;rgs;gif;jpg;jpeg;jpe;resx;tiff;tif;png;wav;mfcribbon-ms</Extensions>
    </Filter>
  </ItemGroup>
  <ItemGroup>
    <ClCompile Include="program.cpp" />
    <ClCompile Include="sim\battle\Battle.cpp" />
    <ClCompile Include="sim\global-types\BattleScriptsData.cpp" />
    <ClCompile Include="sim\global-types\ModdedEffectData.cpp" />
    <ClCompile Include="sim\dex-data\to_id.cpp" />
    <ClCompile Include="sim\dex-data\HasID.cpp" />
    <ClCompile Include="sim\dex-data\BasicEffectData.cpp" />
    <ClCompile Include="sim\dex-data\BasicEffect.cpp" />
    <ClCompile Include="sim\dex-data\NatureData.cpp" />
    <ClCompile Include="sim\dex-data\Nature.cpp" />
    <ClCompile Include="sim\dex-data\DexNatures.cpp" />
    <ClCompile Include="sim\dex-data\assign_missing_fields.cpp" />
    <ClCompile Include="sim\dex-abilities\Ability.cpp" />
    <ClCompile Include="sim\dex-items\ItemInitData.cpp" />
    <ClCompile Include="sim\dex-items\Item.cpp" />
    <ClCompile Include="sim\dex-items\DexItems.cpp" />
    <ClCompile Include="sim\dex\ModdedDex.cpp" />
    <ClCompile Include="sim\global-types\EffectData.cpp" />
    <ClCompile Include="sim\dex-moves\HitEffect.cpp" />
    <ClCompile Include="sim\dex-moves\MoveData.cpp" />
    <ClCompile Include="sim\dex-abilities\AbilityData.cpp" />
    <ClCompile Include="sim\dex-abilities\DexAbilities.cpp" />
    <ClCompile Include="sim\dex\Dex.cpp" />
    <ClCompile Include="sim\dex-format\Format.cpp" />
    <ClCompile Include="sim\dex-data\TypeData.cpp" />
    <ClCompile Include="sim\dex-data\TypeInfo.cpp" />
    <ClCompile Include="sim\dex-data\DexTypes.cpp" />
    <ClCompile Include="sim\dex-data\to_lower.cpp" />
    <ClCompile Include="sim\dex\TextTableData.cpp" />
    <ClCompile Include="sim\global-types\AbilityText.cpp" />
    <ClCompile Include="sim\global-types\ItemText.cpp" />
    <ClCompile Include="sim\global-types\MoveText.cpp" />
    <ClCompile Include="sim\global-types\PokedexText.cpp" />
    <ClCompile Include="sim\global-types\DefaultText.cpp" />
    <ClCompile Include="sim\dex-items\ItemData.cpp" />
    <ClCompile Include="sim\dex-format\DexFormats.cpp" />
    <ClCompile Include="sim\team-validator\TeamValidator.cpp" />
    <ClCompile Include="sim\dex-format\RuleTable.cpp" />
    <ClCompile Include="sim\dex-moves\DexMoves.cpp" />
    <ClCompile Include="sim\dex-species\DexSpecies.cpp" />
    <ClCompile Include="sim\dex-conditions\DexConditions.cpp" />
    <ClCompile Include="sim\dex-data\DexStats.cpp" />
    <ClCompile Include="sim\dex-conditions\Condition.cpp" />
    <ClCompile Include="sim\dex-conditions\PokemonConditionData.cpp" />
    <ClCompile Include="sim\dex-conditions\EventMethods.cpp" />
    <ClCompile Include="sim\dex-conditions\PokemonEventMethods.cpp" />
    <ClCompile Include="sim\dex-abilities\AbilityFlags.cpp" />
    <ClCompile Include="lib\utils.cpp" />
    <ClCompile Include="sim\dex-format\FormatData.cpp" />
    <ClCompile Include="sim\dex-species\LearnsetData.cpp" />
    <ClCompile Include="sim\dex-moves\MoveEventMethods.cpp" />
    <ClCompile Include="sim\dex-species\SpeciesData.cpp" />
    <ClCompile Include="sim\dex-species\SpeciesFormatsData.cpp" />
    <ClCompile Include="sim\dex-species\PokemonGoData.cpp" />
    <ClCompile Include="sim\dex-conditions\ConditionData.cpp" />
    <ClCompile Include="sim\dex\DexTableData.cpp" />
    <ClCompile Include="sim\global-types\AnyObject.cpp" />
    <ClCompile Include="sim\dex-moves\MutableMove.cpp" />
    <ClCompile Include="sim\dex-moves\ActiveMove.cpp" />
    <ClCompile Include="sim\global-types\StatsTable.cpp" />
    <ClCompile Include="sim\global-types\TextFile.cpp" />
    <ClCompile Include="sim\global-types\BasicTextData.cpp" />
    <ClCompile Include="sim\global-types\ConditionTextData.cpp" />
    <ClCompile Include="sim\global-types\MoveTextData.cpp" />
    <ClCompile Include="sim\dex-format\SectionInfo.cpp" />
    <ClCompile Include="sim\dex-format\join.cpp" />
    <ClCompile Include="sim\team-validator\ITeamValidator.cpp" />
    <ClCompile Include="sim\team-validator\PokemonSources.cpp" />
  </ItemGroup>
  <ItemGroup>
    <ClInclude Include="sim\battle\Battle.h" />
    <ClInclude Include="sim\dex\IModdedDex.h" />
    <ClInclude Include="sim\global-types\GenderName.h" />
    <ClInclude Include="sim\global-types\StatIDExceptHP.h" />
    <ClInclude Include="sim\global-types\StatID.h" />
    <ClInclude Include="sim\global-types\BoostID.h" />
    <ClInclude Include="sim\global-types\NonStandard.h" />
    <ClInclude Include="sim\global-types\SinglesTier.h" />
    <ClInclude Include="sim\global-types\DoublesTier.h" />
    <ClInclude Include="sim\global-types\OtherTier.h" />
    <ClInclude Include="sim\global-types\EffectType.h" />
    <ClInclude Include="sim\global-types\GameType.h" />
    <ClInclude Include="sim\global-types\SideID.h" />
    <ClInclude Include="sim\dex-format\FormatEffectType.h" />
    <ClInclude Include="sim\dex-moves\MoveTarget.h" />
    <ClInclude Include="sim\dex-moves\MoveCategory.h" />
    <ClInclude Include="sim\dex-moves\SelfSwitchType.h" />
    <ClInclude Include="sim\dex-moves\SelfDestructType.h" />
    <ClInclude Include="sim\dex\DataType.h" />
    <ClInclude Include="sim\battle\Part.h" />
    <ClInclude Include="sim\battle\Target.h" />
    <ClInclude Include="sim\battle\Source.h" />
    <ClInclude Include="sim\global-types\Effect.h" />
    <ClInclude Include="sim\global-types\function_type_aliases.h" />
    <ClInclude Include="sim\global-types\CommonHandlers.h" />
    <ClInclude Include="sim\global-types\EffectData.h" />
    <ClInclude Include="sim\global-types\ModdedEffectData.h" />
    <ClInclude Include="sim\global-types\ZMoveOption.h" />
    <ClInclude Include="sim\global-types\BattleScriptsData.h" />
    <ClInclude Include="sim\dex-moves\MoveFlags.h" />
    <ClInclude Include="sim\dex-moves\HitEffect.h" />
    <ClInclude Include="sim\dex-conditions\EventMethods.h" />
    <ClInclude Include="sim\dex-conditions\PokemonEventMethods.h" />
    <ClInclude Include="sim\dex-conditions\event_methods_aliases.h" />
    <ClInclude Include="sim\dex-conditions\pokemon_event_methods_aliases.h" />
    <ClInclude Include="sim\dex-conditions\side_event_methods_aliases.h" />
    <ClInclude Include="sim\dex-conditions\SideEventMethods.h" />
    <ClInclude Include="sim\dex-conditions\field_event_methods_aliases.h" />
    <ClInclude Include="sim\dex-conditions\FieldEventMethods.h" />
    <ClInclude Include="sim\dex-conditions\Condition.h" />
    <ClInclude Include="sim\dex-data\to_id.h" />
    <ClInclude Include="sim\dex-data\HasID.h" />
    <ClInclude Include="sim\dex-data\BasicEffectData.h" />
    <ClInclude Include="sim\dex-data\BasicEffect.h" />
    <ClInclude Include="sim\dex-data\NatureData.h" />
    <ClInclude Include="sim\dex-data\Nature.h" />
    <ClInclude Include="sim\dex-data\ModdedNatureData.h" />
    <ClInclude Include="sim\dex-data\DexNatures.h" />
    <ClInclude Include="sim\dex-data\assign_missing_fields.h" />
    <ClInclude Include="sim\dex-data\NatureDataTable.h" />
    <ClInclude Include="sim\dex-data\DexTypes.h" />
    <ClInclude Include="sim\dex-data\DexStats.h" />
    <ClInclude Include="sim\dex-moves\function_type_aliases.h" />
    <ClInclude Include="sim\dex-moves\type_aliases.h" />
    <ClInclude Include="sim\dex-moves\SecondaryEffect.h" />
    <ClInclude Include="sim\dex-moves\MoveEventMethods.h" />
    <ClInclude Include="sim\dex-moves\ZMoveData.h" />
    <ClInclude Include="sim\dex-moves\MaxMoveData.h" />
    <ClInclude Include="sim\dex-moves\SelfBoost.h" />
    <ClInclude Include="sim\dex-moves\MoveData.h" />
    <ClInclude Include="sim\dex-moves\Move.h" />
    <ClInclude Include="sim\dex-moves\DexMoves.h" />
    <ClInclude Include="sim\dex-abilities\AbilityFlags.h" />
    <ClInclude Include="sim\dex-abilities\AbilityData.h" />
    <ClInclude Include="sim\dex-conditions\PokemonConditionData.h" />
    <ClInclude Include="sim\dex-conditions\SideConditionData.h" />
    <ClInclude Include="sim\dex-conditions\FieldConditionData.h" />
    <ClInclude Include="sim\dex-conditions\ConditionData.h" />
    <ClInclude Include="sim\dex-conditions\DexConditions.h" />
    <ClInclude Include="sim\dex-abilities\Ability.h" />
    <ClInclude Include="sim\dex-abilities\DexAbilities.h" />
    <ClInclude Include="sim\dex-format\Format.h" />
    <ClInclude Include="sim\dex-format\DexFormats.h" />
    <ClInclude Include="sim\dex-format\DEFAULT_MOD.h" />
    <ClInclude Include="sim\dex-items\FlingData.h" />
    <ClInclude Include="sim\dex-items\ItemData.h" />
    <ClInclude Include="sim\dex-items\ModdedItemData.h" />
    <ClInclude Include="sim\dex-items\ItemDataTable.h" />
    <ClInclude Include="sim\dex-items\ModdedItemDataTable.h" />
    <ClInclude Include="sim\dex-items\ItemInitData.h" />
    <ClInclude Include="sim\dex-items\Item.h" />
    <ClInclude Include="sim\dex-items\DexItems.h" />
    <ClInclude Include="sim\dex-species\DexSpecies.h" />
    <ClInclude Include="sim\field\Field.h" />
    <ClInclude Include="sim\teams\PokemonSet.h" />
    <ClInclude Include="sim\pokemon\MoveSlot.h" />
    <ClInclude Include="sim\pokemon\EffectState.h" />
    <ClInclude Include="sim\pokemon\Pokemon.h" />
    <ClInclude Include="sim\dex\DATA_TYPES.h" />
    <ClInclude Include="sim\dex\DATA_FILES.h" />
    <ClInclude Include="sim\dex\TextTableData.h" />
    <ClInclude Include="sim\dex\DexTable.h" />
    <ClInclude Include="sim\dex\DexTableData.h" />
    <ClInclude Include="sim\dex\AliasesTable.h" />
    <ClInclude Include="sim\dex\DescriptionResult.h" />
    <ClInclude Include="sim\dex\ModdedDex.h" />
    <ClInclude Include="sim\dex-items\EMPTY_ITEM.h" />
    <ClInclude Include="sim\dex-moves\MutableMove.h" />
    <ClInclude Include="sim\dex-moves\ActiveMove.h" />
    <ClInclude Include="sim\dex-moves\MoveHitData.h" />
    <ClInclude Include="sim\dex-moves\MoveHitResult.h" />
    <ClInclude Include="sim\side\Side.h" />
    <ClInclude Include="sim\global-types\AbilityText.h" />
    <ClInclude Include="sim\global-types\MoveText.h" />
    <ClInclude Include="sim\global-types\ItemText.h" />
    <ClInclude Include="sim\global-types\PokedexText.h" />
    <ClInclude Include="sim\global-types\DefaultText.h" />
    <ClInclude Include="sim\dex-species\Species.h" />
    <ClInclude Include="sim\dex-format\FormatData.h" />
    <ClInclude Include="sim\dex-species\LearnsetData.h" />
    <ClInclude Include="sim\dex-species\SpeciesData.h" />
    <ClInclude Include="sim\dex-species\SpeciesFormatsData.h" />
    <ClInclude Include="sim\dex-species\PokemonGoData.h" />
    <ClInclude Include="sim\global-types\ID.h" />
    <ClInclude Include="sim\global-types\IDEntry.h" />
    <ClInclude Include="sim\global-types\PokemonSlot.h" />
    <ClInclude Include="sim\global-types\AnyObject.h" />
    <ClInclude Include="sim\global-types\StatsExceptHPTable.h" />
    <ClInclude Include="sim\global-types\StatsTable.h" />
    <ClInclude Include="sim\global-types\SparseStatsTable.h" />
    <ClInclude Include="sim\global-types\BoostsTable.h" />
    <ClInclude Include="sim\global-types\SparseBoostsTable.h" />
    <ClInclude Include="sim\global-types\SpreadMoveTargets.h" />
    <ClInclude Include="sim\global-types\SpreadMoveDamage.h" />
    <ClInclude Include="sim\global-types\ZMoveOptions.h" />
    <ClInclude Include="sim\dex-abilities\AbilityEventMethods.h" />
    <ClInclude Include="sim\dex-data\BasicEffectOptionalData.h" />
    <ClInclude Include="sim\dex-data\EMPTY_NATURE.h" />
    <ClInclude Include="sim\dex-abilities\ModdedAbilityData.h" />
    <ClInclude Include="sim\dex-abilities\AbilityDataTable.h" />
    <ClInclude Include="sim\dex-abilities\ModdedAbilityDataTable.h" />
    <ClInclude Include="sim\dex\BASE_MOD.h" />
    <ClInclude Include="sim\dex\Dex.h" />
    <ClInclude Include="sim\dex-format\FormatList.h" />
    <ClInclude Include="sim\dex-format\ModdedFormatData.h" />
    <ClInclude Include="sim\dex-format\FormatDataTable.h" />
    <ClInclude Include="sim\dex-format\ModdedFormatDataTable.h" />
    <ClInclude Include="sim\dex-format\ComplexBan.h" />
    <ClInclude Include="sim\dex-format\ComplexTeamBan.h" />
    <ClInclude Include="sim\dex-format\GameTimerSettings.h" />
    <ClInclude Include="sim\dex-format\RuleTable.h" />
    <ClInclude Include="sim\team-validator\TeamValidator.h" />
    <ClInclude Include="sim\global-types\ModdedBattleScriptsData.h" />
    <ClInclude Include="sim\global-types\ModdedBattlePokemon.h" />
    <ClInclude Include="sim\battle-queue\BattleQueue.h" />
    <ClInclude Include="sim\global-types\ModdedBattleQueue.h" />
    <ClInclude Include="sim\global-types\ModdedField.h" />
    <ClInclude Include="sim\global-types\ModdedBattleActions.h" />
    <ClInclude Include="sim\global-types\ModdedBattleSide.h" />
    <ClInclude Include="sim\teams\PokemonSources.h" />
    <ClInclude Include="sim\dex\Descriptions.h" />
    <ClInclude Include="sim\dex-data\TypeData.h" />
    <ClInclude Include="sim\dex-data\ModdedTypeData.h" />
    <ClInclude Include="sim\dex-data\TypeDataTable.h" />
    <ClInclude Include="sim\dex-data\ModdedTypeDataTable.h" />
    <ClInclude Include="sim\dex-data\TypeInfoEffectType.h" />
    <ClInclude Include="sim\dex-data\TypeInfo.h" />
    <ClInclude Include="sim\dex-data\to_lower.h" />
    <ClInclude Include="sim\global-types\BasicTextData.h" />
    <ClInclude Include="sim\global-types\ConditionTextData.h" />
    <ClInclude Include="sim\global-types\MoveTextData.h" />
    <ClInclude Include="sim\global-types\TextFile.h" />
    <ClInclude Include="sim\dex-data\EMPTY_TYPE_INFO.h" />
    <ClInclude Include="sim\dex\IDex.h" />
    <ClInclude Include="sim\dex\IDexDataManager.h" />
    <ClInclude Include="sim\dex\DATA_DIR.h" />
    <ClInclude Include="sim\dex\MODS_DIR.h" />
    <ClInclude Include="lib\utils.h" />
    <ClInclude Include="sim\dex\IDexData.h" />
    <ClInclude Include="sim\global-types\ITextEntry.h" />
    <ClInclude Include="sim\global-types\TextEntryType.h" />
    <ClInclude Include="sim\dex-species\Learnset.h" />
    <ClInclude Include="sim\dex-data\IDS_CACHE.h" />
    <ClInclude Include="sim\dex-format\SectionInfo.h" />
    <ClInclude Include="sim\dex-format\IFormatListEntry.h" />
    <ClInclude Include="sim\dex-format\FormatListEntryType.h" />
    <ClInclude Include="sim\dex-format\join.h" />
    <ClInclude Include="sim\team-validator\ITeamValidator.h" />
    <ClInclude Include="sim\team-validator\PokemonSources.h" />
    <ClInclude Include="sim\team-validator\PokemonSource.h" />
  </ItemGroup>
</Project>